
Microsoft Visual Studio Solution File, Format Version 12.00
Project("{FAE04EC0-301F-11D3-BF4B-00C04F79EFBC}") = "VccUserRepoFix", "VccUserRepoFix\VccUserRepoFix.csproj", "{1DE169D9-8B5D-45FE-973D-D236FFE12800}"
EndProject
Global
	GlobalSection(SolutionConfigurationPlatforms) = preSolution
		Debug|Any CPU = Debug|Any CPU
		Release|Any CPU = Release|Any CPU
	EndGlobalSection
	GlobalSection(ProjectConfigurationPlatforms) = postSolution
		{1DE169D9-8B5D-45FE-973D-D236FFE12800}.Debug|Any CPU.ActiveCfg = Debug|Any CPU
		{1DE169D9-8B5D-45FE-973D-D236FFE12800}.Debug|Any CPU.Build.0 = Debug|Any CPU
		{1DE169D9-8B5D-45FE-973D-D236FFE12800}.Release|Any CPU.ActiveCfg = Release|Any CPU
		{1DE169D9-8B5D-45FE-973D-D236FFE12800}.Release|Any CPU.Build.0 = Release|Any CPU
	EndGlobalSection
EndGlobal
